<?xml version="1.0" encoding="utf-8"?>
<Project ToolsVersion="4.0" xmlns="http://schemas.microsoft.com/developer/msbuild/2003">
  <ItemGroup>
    <Filter Include="Source Files">
      <UniqueIdentifier>{4FC737F1-C7A5-4376-A066-2A32D752A2FF}</UniqueIdentifier>
      <Extensions>cpp;c;cc;cxx;def;odl;idl;hpj;bat;asm;asmx</Extensions>
    </Filter>
    <Filter Include="Header Files">
      <UniqueIdentifier>{93995380-89BD-4b04-88EB-625FBE52EBFB}</UniqueIdentifier>
      <Extensions>h;hh;hpp;hxx;hm;inl;inc;xsd</Extensions>
    </Filter>
    <Filter Include="Resource Files">
      <UniqueIdentifier>{67DA6AB6-F800-4c08-8B7A-83BB121AAD01}</UniqueIdentifier>
      <Extensions>rc;ico;cur;bmp;dlg;rc2;rct;bin;rgs;gif;jpg;jpeg;jpe;resx;tiff;tif;png;wav;mfcribbon-ms</Extensions>
    </Filter>
    <Filter Include="Header Files\lab1">
      <UniqueIdentifier>{5d2c2657-df02-46ce-b2bf-133a5a3b1182}</UniqueIdentifier>
    </Filter>
    <Filter Include="Header Files\lab2">
      <UniqueIdentifier>{4f24cfae-ed04-48ec-909a-397c867722bf}</UniqueIdentifier>
    </Filter>
    <Filter Include="Header Files\lab3">
      <UniqueIdentifier>{10508fa4-d9d7-481a-8980-d764bf749031}</UniqueIdentifier>
    </Filter>
    <Filter Include="Header Files\lab4">
      <UniqueIdentifier>{6c3809c4-4339-42d3-abf4-3b06d8a1128b}</UniqueIdentifier>
    </Filter>
  </ItemGroup>
  <ItemGroup>
    <ClCompile Include="main.cpp">
      <Filter>Source Files</Filter>
    </ClCompile>
    <ClCompile Include="lab1\lab1.cpp">
      <Filter>Source Files</Filter>
    </ClCompile>
    <ClCompile Include="lab2\lab2.cpp">
      <Filter>Source Files</Filter>
    </ClCompile>
    <ClCompile Include="lab3\lab3.cpp">
      <Filter>Source Files</Filter>
    </ClCompile>
    <ClCompile Include="menu.cpp">
      <Filter>Source Files</Filter>
    </ClCompile>
    <ClCompile Include="CheckSymbol.cpp">
      <Filter>Source Files</Filter>
    </ClCompile>
    <ClCompile Include="lab4\lab4.cpp">
      <Filter>Source Files</Filter>
    </ClCompile>
    <ClCompile Include="lab4\Stack.cpp">
      <Filter>Source Files</Filter>
    </ClCompile>
  </ItemGroup>
  <ItemGroup>
    <ClInclude Include="lab1\lab1.h">
      <Filter>Header Files\lab1</Filter>
    </ClInclude>
    <ClInclude Include="lab2\lab2.h">
      <Filter>Header Files\lab2</Filter>
    </ClInclude>
    <ClInclude Include="lab3\lab3.h">
      <Filter>Header Files\lab3</Filter>
    </ClInclude>
    <ClInclude Include="lab3\Person.h">
      <Filter>Header Files\lab3</Filter>
    </ClInclude>
    <ClInclude Include="lab3\MenuEnum.h">
      <Filter>Header Files\lab3</Filter>
    </ClInclude>
    <ClInclude Include="lab3\Sex.h">
      <Filter>Header Files\lab3</Filter>
    </ClInclude>
    <ClInclude Include="lab4\lab4.h">
      <Filter>Header Files\lab4</Filter>
    </ClInclude>
    <ClInclude Include="lab4\map4.h">
      <Filter>Header Files\lab4</Filter>
    </ClInclude>
    <ClInclude Include="lab4\person4.h">
      <Filter>Header Files\lab4</Filter>
    </ClInclude>
    <ClInclude Include="lab4\StructPerson.h">
      <Filter>Header Files\lab4</Filter>
    </ClInclude>
    <ClInclude Include="lab4\Stack.h">
      <Filter>Header Files\lab4</Filter>
    </ClInclude>
  </ItemGroup>
</Project>