<?xml version="1.0" encoding="utf-8"?>
<Project ToolsVersion="4.0" xmlns="http://schemas.microsoft.com/developer/msbuild/2003">
  <ItemGroup>
    <Filter Include="Source Files">
      <UniqueIdentifier>{4FC737F1-C7A5-4376-A066-2A32D752A2FF}</UniqueIdentifier>
      <Extensions>cpp;c;cc;cxx;def;odl;idl;hpj;bat;asm;asmx</Extensions>
    </Filter>
    <Filter Include="Header Files">
      <UniqueIdentifier>{93995380-89BD-4b04-88EB-625FBE52EBFB}</UniqueIdentifier>
      <Extensions>h;hh;hpp;hxx;hm;inl;inc;xsd</Extensions>
    </Filter>
    <Filter Include="Resource Files">
      <UniqueIdentifier>{67DA6AB6-F800-4c08-8B7A-83BB121AAD01}</UniqueIdentifier>
      <Extensions>rc;ico;cur;bmp;dlg;rc2;rct;bin;rgs;gif;jpg;jpeg;jpe;resx;tiff;tif;png;wav;mfcribbon-ms</Extensions>
    </Filter>
    <Filter Include="Header Files\String">
      <UniqueIdentifier>{10508fa4-d9d7-481a-8980-d764bf749031}</UniqueIdentifier>
    </Filter>
    <Filter Include="Source Files\String">
      <UniqueIdentifier>{45906183-3b5c-4e8e-a57c-f33e5f22d6ec}</UniqueIdentifier>
    </Filter>
    <Filter Include="Header Files\Person">
      <UniqueIdentifier>{892368c9-a327-46d6-86d8-6478e9cc978c}</UniqueIdentifier>
    </Filter>
    <Filter Include="Header Files\Stack">
      <UniqueIdentifier>{b529e7be-d72b-4a7f-b850-9024b4d0fa50}</UniqueIdentifier>
    </Filter>
    <Filter Include="Header Files\List">
      <UniqueIdentifier>{fdcc6c91-b4b9-4241-8817-75f3c3e4205a}</UniqueIdentifier>
    </Filter>
    <Filter Include="Source Files\List">
      <UniqueIdentifier>{381c281d-1091-4bd7-8d20-2058f1af527f}</UniqueIdentifier>
    </Filter>
    <Filter Include="Source Files\Stack">
      <UniqueIdentifier>{af0be881-db21-4cc4-8398-faf58e93fc97}</UniqueIdentifier>
    </Filter>
    <Filter Include="Source Files\Person">
      <UniqueIdentifier>{0a390abc-eb2b-4b67-a0e9-11aa38da5d65}</UniqueIdentifier>
    </Filter>
  </ItemGroup>
  <ItemGroup>
    <ClCompile Include="main.cpp">
      <Filter>Source Files</Filter>
    </ClCompile>
    <ClCompile Include="menu.cpp">
      <Filter>Source Files</Filter>
    </ClCompile>
    <ClCompile Include="CheckSymbol.cpp">
      <Filter>Source Files</Filter>
    </ClCompile>
    <ClCompile Include="List\PersonList.cpp">
      <Filter>Source Files\List</Filter>
    </ClCompile>
    <ClCompile Include="Person\PersonTools.cpp">
      <Filter>Source Files\Person</Filter>
    </ClCompile>
    <ClCompile Include="Stack\Stack.cpp">
      <Filter>Source Files\Stack</Filter>
    </ClCompile>
    <ClCompile Include="Person\Person.cpp">
      <Filter>Source Files\Person</Filter>
    </ClCompile>
    <ClCompile Include="Person\Adult.cpp">
      <Filter>Source Files\Person</Filter>
    </ClCompile>
    <ClCompile Include="Person\Child.cpp">
      <Filter>Source Files\Person</Filter>
    </ClCompile>
    <ClCompile Include="List\TemplateList.cpp">
      <Filter>Source Files\List</Filter>
    </ClCompile>
    <ClCompile Include="String\String.cpp">
      <Filter>Source Files\String</Filter>
    </ClCompile>
  </ItemGroup>
  <ItemGroup>
    <ClInclude Include="List\PersonList.h">
      <Filter>Header Files\List</Filter>
    </ClInclude>
    <ClInclude Include="List\PersonListItem.h">
      <Filter>Header Files\List</Filter>
    </ClInclude>
    <ClInclude Include="Person\Adult.h">
      <Filter>Header Files\Person</Filter>
    </ClInclude>
    <ClInclude Include="Person\Child.h">
      <Filter>Header Files\Person</Filter>
    </ClInclude>
    <ClInclude Include="Person\Person.h">
      <Filter>Header Files\Person</Filter>
    </ClInclude>
    <ClInclude Include="Person\Sex.h">
      <Filter>Header Files\Person</Filter>
    </ClInclude>
    <ClInclude Include="Person\PersonTools.h">
      <Filter>Header Files\Person</Filter>
    </ClInclude>
    <ClInclude Include="Stack\Stack.h">
      <Filter>Header Files\Stack</Filter>
    </ClInclude>
    <ClInclude Include="Stack\StackItem.h">
      <Filter>Header Files\Stack</Filter>
    </ClInclude>
    <ClInclude Include="String\MenuEnum.h">
      <Filter>Header Files\String</Filter>
    </ClInclude>
    <ClInclude Include="List\TemplateList.h">
      <Filter>Header Files\List</Filter>
    </ClInclude>
    <ClInclude Include="List\templateListItem.h">
      <Filter>Header Files\List</Filter>
    </ClInclude>
    <ClInclude Include="String\String.h">
      <Filter>Header Files\String</Filter>
    </ClInclude>
  </ItemGroup>
</Project>